// !$*UTF8*$!
{
	archiveVersion = 1;
	classes = {
	};
	objectVersion = 56;
	objects = {

/* Begin PBXBuildFile section */
		95CFA9412A3696640029A3A9 /* AppDelegate.swift in Sources */ = {isa = PBXBuildFile; fileRef = 95CFA9402A3696640029A3A9 /* AppDelegate.swift */; };
		95CFA9432A3696640029A3A9 /* SceneDelegate.swift in Sources */ = {isa = PBXBuildFile; fileRef = 95CFA9422A3696640029A3A9 /* SceneDelegate.swift */; };
		95CFA9452A3696640029A3A9 /* ViewController.swift in Sources */ = {isa = PBXBuildFile; fileRef = 95CFA9442A3696640029A3A9 /* ViewController.swift */; };
		95CFA9482A3696640029A3A9 /* Main.storyboard in Resources */ = {isa = PBXBuildFile; fileRef = 95CFA9462A3696640029A3A9 /* Main.storyboard */; };
		95CFA94A2A3696660029A3A9 /* Assets.xcassets in Resources */ = {isa = PBXBuildFile; fileRef = 95CFA9492A3696660029A3A9 /* Assets.xcassets */; };
		95CFA94D2A3696660029A3A9 /* LaunchScreen.storyboard in Resources */ = {isa = PBXBuildFile; fileRef = 95CFA94B2A3696660029A3A9 /* LaunchScreen.storyboard */; };
		95CFA9592A36DE500029A3A9 /* Service.swift in Sources */ = {isa = PBXBuildFile; fileRef = 95CFA9582A36DE500029A3A9 /* Service.swift */; };
		95CFA95B2A36DECB0029A3A9 /* Item.swift in Sources */ = {isa = PBXBuildFile; fileRef = 95CFA95A2A36DECB0029A3A9 /* Item.swift */; };
		95CFA95D2A36DEE10029A3A9 /* ItemResponse.swift in Sources */ = {isa = PBXBuildFile; fileRef = 95CFA95C2A36DEE10029A3A9 /* ItemResponse.swift */; };
		95CFA95F2A36E0800029A3A9 /* ItemViewModel.swift in Sources */ = {isa = PBXBuildFile; fileRef = 95CFA95E2A36E0800029A3A9 /* ItemViewModel.swift */; };
		95CFA9622A36E8770029A3A9 /* ObjectMapper in Frameworks */ = {isa = PBXBuildFile; productRef = 95CFA9612A36E8770029A3A9 /* ObjectMapper */; };
		95CFA9652A36F8E30029A3A9 /* ItemViewCell.swift in Sources */ = {isa = PBXBuildFile; fileRef = 95CFA9642A36F8E30029A3A9 /* ItemViewCell.swift */; };
		95CFA9682A3700C70029A3A9 /* String+Ext.swift in Sources */ = {isa = PBXBuildFile; fileRef = 95CFA9672A3700C70029A3A9 /* String+Ext.swift */; };
/* End PBXBuildFile section */

/* Begin PBXFileReference section */
		95CFA93D2A3696640029A3A9 /* MeliChallengeAPI.app */ = {isa = PBXFileReference; explicitFileType = wrapper.application; includeInIndex = 0; path = MeliChallengeAPI.app; sourceTree = BUILT_PRODUCTS_DIR; };
		95CFA9402A3696640029A3A9 /* AppDelegate.swift */ = {isa = PBXFileReference; lastKnownFileType = sourcecode.swift; path = AppDelegate.swift; sourceTree = "<group>"; };
		95CFA9422A3696640029A3A9 /* SceneDelegate.swift */ = {isa = PBXFileReference; lastKnownFileType = sourcecode.swift; path = SceneDelegate.swift; sourceTree = "<group>"; };
		95CFA9442A3696640029A3A9 /* ViewController.swift */ = {isa = PBXFileReference; lastKnownFileType = sourcecode.swift; path = ViewController.swift; sourceTree = "<group>"; };
		95CFA9472A3696640029A3A9 /* Base */ = {isa = PBXFileReference; lastKnownFileType = file.storyboard; name = Base; path = Base.lproj/Main.storyboard; sourceTree = "<group>"; };
		95CFA9492A3696660029A3A9 /* Assets.xcassets */ = {isa = PBXFileReference; lastKnownFileType = folder.assetcatalog; path = Assets.xcassets; sourceTree = "<group>"; };
		95CFA94C2A3696660029A3A9 /* Base */ = {isa = PBXFileReference; lastKnownFileType = file.storyboard; name = Base; path = Base.lproj/LaunchScreen.storyboard; sourceTree = "<group>"; };
		95CFA94E2A3696660029A3A9 /* Info.plist */ = {isa = PBXFileReference; lastKnownFileType = text.plist.xml; path = Info.plist; sourceTree = "<group>"; };
		95CFA9582A36DE500029A3A9 /* Service.swift */ = {isa = PBXFileReference; lastKnownFileType = sourcecode.swift; path = Service.swift; sourceTree = "<group>"; };
		95CFA95A2A36DECB0029A3A9 /* Item.swift */ = {isa = PBXFileReference; lastKnownFileType = sourcecode.swift; path = Item.swift; sourceTree = "<group>"; };
		95CFA95C2A36DEE10029A3A9 /* ItemResponse.swift */ = {isa = PBXFileReference; lastKnownFileType = sourcecode.swift; path = ItemResponse.swift; sourceTree = "<group>"; };
		95CFA95E2A36E0800029A3A9 /* ItemViewModel.swift */ = {isa = PBXFileReference; lastKnownFileType = sourcecode.swift; path = ItemViewModel.swift; sourceTree = "<group>"; };
		95CFA9642A36F8E30029A3A9 /* ItemViewCell.swift */ = {isa = PBXFileReference; lastKnownFileType = sourcecode.swift; path = ItemViewCell.swift; sourceTree = "<group>"; };
		95CFA9672A3700C70029A3A9 /* String+Ext.swift */ = {isa = PBXFileReference; lastKnownFileType = sourcecode.swift; path = "String+Ext.swift"; sourceTree = "<group>"; };
/* End PBXFileReference section */

/* Begin PBXFrameworksBuildPhase section */
		95CFA93A2A3696640029A3A9 /* Frameworks */ = {
			isa = PBXFrameworksBuildPhase;
			buildActionMask = 2147483647;
			files = (
				95CFA9622A36E8770029A3A9 /* ObjectMapper in Frameworks */,
			);
			runOnlyForDeploymentPostprocessing = 0;
		};
/* End PBXFrameworksBuildPhase section */

/* Begin PBXGroup section */
		95CFA9342A3696640029A3A9 = {
			isa = PBXGroup;
			children = (
				95CFA93F2A3696640029A3A9 /* MeliChallengeAPI */,
				95CFA93E2A3696640029A3A9 /* Products */,
			);
			sourceTree = "<group>";
		};
		95CFA93E2A3696640029A3A9 /* Products */ = {
			isa = PBXGroup;
			children = (
				95CFA93D2A3696640029A3A9 /* MeliChallengeAPI.app */,
			);
			name = Products;
			sourceTree = "<group>";
		};
		95CFA93F2A3696640029A3A9 /* MeliChallengeAPI */ = {
			isa = PBXGroup;
			children = (
				95CFA9662A3700B90029A3A9 /* Extensions */,
				95CFA9572A36DE3F0029A3A9 /* Network */,
				95CFA9562A36A9370029A3A9 /* View */,
				95CFA9552A36A92F0029A3A9 /* ViewModel */,
				95CFA9542A36A9250029A3A9 /* Model */,
				95CFA9402A3696640029A3A9 /* AppDelegate.swift */,
				95CFA9422A3696640029A3A9 /* SceneDelegate.swift */,
				95CFA9492A3696660029A3A9 /* Assets.xcassets */,
				95CFA94B2A3696660029A3A9 /* LaunchScreen.storyboard */,
				95CFA94E2A3696660029A3A9 /* Info.plist */,
			);
			path = MeliChallengeAPI;
			sourceTree = "<group>";
		};
		95CFA9542A36A9250029A3A9 /* Model */ = {
			isa = PBXGroup;
			children = (
				95CFA95A2A36DECB0029A3A9 /* Item.swift */,
				95CFA95C2A36DEE10029A3A9 /* ItemResponse.swift */,
			);
			path = Model;
			sourceTree = "<group>";
		};
		95CFA9552A36A92F0029A3A9 /* ViewModel */ = {
			isa = PBXGroup;
			children = (
				95CFA95E2A36E0800029A3A9 /* ItemViewModel.swift */,
			);
			path = ViewModel;
			sourceTree = "<group>";
		};
		95CFA9562A36A9370029A3A9 /* View */ = {
			isa = PBXGroup;
			children = (
				95CFA9632A36F8B30029A3A9 /* Main */,
			);
			path = View;
			sourceTree = "<group>";
		};
		95CFA9572A36DE3F0029A3A9 /* Network */ = {
			isa = PBXGroup;
			children = (
				95CFA9582A36DE500029A3A9 /* Service.swift */,
			);
			path = Network;
			sourceTree = "<group>";
		};
		95CFA9632A36F8B30029A3A9 /* Main */ = {
			isa = PBXGroup;
			children = (
				95CFA9442A3696640029A3A9 /* ViewController.swift */,
				95CFA9642A36F8E30029A3A9 /* ItemViewCell.swift */,
				95CFA9462A3696640029A3A9 /* Main.storyboard */,
			);
			path = Main;
			sourceTree = "<group>";
		};
		95CFA9662A3700B90029A3A9 /* Extensions */ = {
			isa = PBXGroup;
			children = (
				95CFA9672A3700C70029A3A9 /* String+Ext.swift */,
			);
			path = Extensions;
			sourceTree = "<group>";
		};
/* End PBXGroup section */

/* Begin PBXNativeTarget section */
		95CFA93C2A3696640029A3A9 /* MeliChallengeAPI */ = {
			isa = PBXNativeTarget;
			buildConfigurationList = 95CFA9512A3696660029A3A9 /* Build configuration list for PBXNativeTarget "MeliChallengeAPI" */;
			buildPhases = (
				95CFA9392A3696640029A3A9 /* Sources */,
				95CFA93A2A3696640029A3A9 /* Frameworks */,
				95CFA93B2A3696640029A3A9 /* Resources */,
			);
			buildRules = (
			);
			dependencies = (
			);
			name = MeliChallengeAPI;
			packageProductDependencies = (
				95CFA9612A36E8770029A3A9 /* ObjectMapper */,
			);
			productName = MeliChallengeAPI;
			productReference = 95CFA93D2A3696640029A3A9 /* MeliChallengeAPI.app */;
			productType = "com.apple.product-type.application";
		};
/* End PBXNativeTarget section */

/* Begin PBXProject section */
		95CFA9352A3696640029A3A9 /* Project object */ = {
			isa = PBXProject;
			attributes = {
				BuildIndependentTargetsInParallel = 1;
				LastSwiftUpdateCheck = 1420;
				LastUpgradeCheck = 1420;
				TargetAttributes = {
					95CFA93C2A3696640029A3A9 = {
						CreatedOnToolsVersion = 14.2;
					};
				};
			};
			buildConfigurationList = 95CFA9382A3696640029A3A9 /* Build configuration list for PBXProject "MeliChallengeAPI" */;
			compatibilityVersion = "Xcode 14.0";
			developmentRegion = en;
			hasScannedForEncodings = 0;
			knownRegions = (
				en,
				Base,
			);
			mainGroup = 95CFA9342A3696640029A3A9;
			packageReferences = (
				95CFA9602A36E8770029A3A9 /* XCRemoteSwiftPackageReference "ObjectMapper" */,
			);
			productRefGroup = 95CFA93E2A3696640029A3A9 /* Products */;
			projectDirPath = "";
			projectRoot = "";
			targets = (
				95CFA93C2A3696640029A3A9 /* MeliChallengeAPI */,
			);
		};
/* End PBXProject section */

/* Begin PBXResourcesBuildPhase section */
		95CFA93B2A3696640029A3A9 /* Resources */ = {
			isa = PBXResourcesBuildPhase;
			buildActionMask = 2147483647;
			files = (
				95CFA94D2A3696660029A3A9 /* LaunchScreen.storyboard in Resources */,
				95CFA94A2A3696660029A3A9 /* Assets.xcassets in Resources */,
				95CFA9482A3696640029A3A9 /* Main.storyboard in Resources */,
			);
			runOnlyForDeploymentPostprocessing = 0;
		};
/* End PBXResourcesBuildPhase section */

/* Begin PBXSourcesBuildPhase section */
		95CFA9392A3696640029A3A9 /* Sources */ = {
			isa = PBXSourcesBuildPhase;
			buildActionMask = 2147483647;
			files = (
				95CFA9682A3700C70029A3A9 /* String+Ext.swift in Sources */,
				95CFA95B2A36DECB0029A3A9 /* Item.swift in Sources */,
				95CFA9452A3696640029A3A9 /* ViewController.swift in Sources */,
				95CFA9592A36DE500029A3A9 /* Service.swift in Sources */,
				95CFA95F2A36E0800029A3A9 /* ItemViewModel.swift in Sources */,
				95CFA9412A3696640029A3A9 /* AppDelegate.swift in Sources */,
				95CFA95D2A36DEE10029A3A9 /* ItemResponse.swift in Sources */,
				95CFA9432A3696640029A3A9 /* SceneDelegate.swift in Sources */,
				95CFA9652A36F8E30029A3A9 /* ItemViewCell.swift in Sources */,
			);
			runOnlyForDeploymentPostprocessing = 0;
		};
/* End PBXSourcesBuildPhase section */

/* Begin PBXVariantGroup section */
		95CFA9462A3696640029A3A9 /* Main.storyboard */ = {
			isa = PBXVariantGroup;
			children = (
				95CFA9472A3696640029A3A9 /* Base */,
			);
			name = Main.storyboard;
			sourceTree = "<group>";
		};
		95CFA94B2A3696660029A3A9 /* LaunchScreen.storyboard */ = {
			isa = PBXVariantGroup;
			children = (
				95CFA94C2A3696660029A3A9 /* Base */,
			);
			name = LaunchScreen.storyboard;
			sourceTree = "<group>";
		};
/* End PBXVariantGroup section */

/* Begin XCBuildConfiguration section */
		95CFA94F2A3696660029A3A9 /* Debug */ = {
			isa = XCBuildConfiguration;
			buildSettings = {
				ALWAYS_SEARCH_USER_PATHS = NO;
				CLANG_ANALYZER_NONNULL = YES;
				CLANG_ANALYZER_NUMBER_OBJECT_CONVERSION = YES_AGGRESSIVE;
				CLANG_CXX_LANGUAGE_STANDARD = "gnu++20";
				CLANG_ENABLE_MODULES = YES;
				CLANG_ENABLE_OBJC_ARC = YES;
				CLANG_ENABLE_OBJC_WEAK = YES;
				CLANG_WARN_BLOCK_CAPTURE_AUTORELEASING = YES;
				CLANG_WARN_BOOL_CONVERSION = YES;
				CLANG_WARN_COMMA = YES;
				CLANG_WARN_CONSTANT_CONVERSION = YES;
				CLANG_WARN_DEPRECATED_OBJC_IMPLEMENTATIONS = YES;
				CLANG_WARN_DIRECT_OBJC_ISA_USAGE = YES_ERROR;
				CLANG_WARN_DOCUMENTATION_COMMENTS = YES;
				CLANG_WARN_EMPTY_BODY = YES;
				CLANG_WARN_ENUM_CONVERSION = YES;
				CLANG_WARN_INFINITE_RECURSION = YES;
				CLANG_WARN_INT_CONVERSION = YES;
				CLANG_WARN_NON_LITERAL_NULL_CONVERSION = YES;
				CLANG_WARN_OBJC_IMPLICIT_RETAIN_SELF = YES;
				CLANG_WARN_OBJC_LITERAL_CONVERSION = YES;
				CLANG_WARN_OBJC_ROOT_CLASS = YES_ERROR;
				CLANG_WARN_QUOTED_INCLUDE_IN_FRAMEWORK_HEADER = YES;
				CLANG_WARN_RANGE_LOOP_ANALYSIS = YES;
				CLANG_WARN_STRICT_PROTOTYPES = YES;
				CLANG_WARN_SUSPICIOUS_MOVE = YES;
				CLANG_WARN_UNGUARDED_AVAILABILITY = YES_AGGRESSIVE;
				CLANG_WARN_UNREACHABLE_CODE = YES;
				CLANG_WARN__DUPLICATE_METHOD_MATCH = YES;
				COPY_PHASE_STRIP = NO;
				DEBUG_INFORMATION_FORMAT = dwarf;
				ENABLE_STRICT_OBJC_MSGSEND = YES;
				ENABLE_TESTABILITY = YES;
				GCC_C_LANGUAGE_STANDARD = gnu11;
				GCC_DYNAMIC_NO_PIC = NO;
				GCC_NO_COMMON_BLOCKS = YES;
				GCC_OPTIMIZATION_LEVEL = 0;
				GCC_PREPROCESSOR_DEFINITIONS = (
					"DEBUG=1",
					"$(inherited)",
				);
				GCC_WARN_64_TO_32_BIT_CONVERSION = YES;
				GCC_WARN_ABOUT_RETURN_TYPE = YES_ERROR;
				GCC_WARN_UNDECLARED_SELECTOR = YES;
				GCC_WARN_UNINITIALIZED_AUTOS = YES_AGGRESSIVE;
				GCC_WARN_UNUSED_FUNCTION = YES;
				GCC_WARN_UNUSED_VARIABLE = YES;
				IPHONEOS_DEPLOYMENT_TARGET = 16.2;
				MTL_ENABLE_DEBUG_INFO = INCLUDE_SOURCE;
				MTL_FAST_MATH = YES;
				ONLY_ACTIVE_ARCH = YES;
				SDKROOT = iphoneos;
				SWIFT_ACTIVE_COMPILATION_CONDITIONS = DEBUG;
				SWIFT_OPTIMIZATION_LEVEL = "-Onone";
			};
			name = Debug;
		};
		95CFA9502A3696660029A3A9 /* Release */ = {
			isa = XCBuildConfiguration;
			buildSettings = {
				ALWAYS_SEARCH_USER_PATHS = NO;
				CLANG_ANALYZER_NONNULL = YES;
				CLANG_ANALYZER_NUMBER_OBJECT_CONVERSION = YES_AGGRESSIVE;
				CLANG_CXX_LANGUAGE_STANDARD = "gnu++20";
				CLANG_ENABLE_MODULES = YES;
				CLANG_ENABLE_OBJC_ARC = YES;
				CLANG_ENABLE_OBJC_WEAK = YES;
				CLANG_WARN_BLOCK_CAPTURE_AUTORELEASING = YES;
				CLANG_WARN_BOOL_CONVERSION = YES;
				CLANG_WARN_COMMA = YES;
				CLANG_WARN_CONSTANT_CONVERSION = YES;
				CLANG_WARN_DEPRECATED_OBJC_IMPLEMENTATIONS = YES;
				CLANG_WARN_DIRECT_OBJC_ISA_USAGE = YES_ERROR;
				CLANG_WARN_DOCUMENTATION_COMMENTS = YES;
				CLANG_WARN_EMPTY_BODY = YES;
				CLANG_WARN_ENUM_CONVERSION = YES;
				CLANG_WARN_INFINITE_RECURSION = YES;
				CLANG_WARN_INT_CONVERSION = YES;
				CLANG_WARN_NON_LITERAL_NULL_CONVERSION = YES;
				CLANG_WARN_OBJC_IMPLICIT_RETAIN_SELF = YES;
				CLANG_WARN_OBJC_LITERAL_CONVERSION = YES;
				CLANG_WARN_OBJC_ROOT_CLASS = YES_ERROR;
				CLANG_WARN_QUOTED_INCLUDE_IN_FRAMEWORK_HEADER = YES;
				CLANG_WARN_RANGE_LOOP_ANALYSIS = YES;
				CLANG_WARN_STRICT_PROTOTYPES = YES;
				CLANG_WARN_SUSPICIOUS_MOVE = YES;
				CLANG_WARN_UNGUARDED_AVAILABILITY = YES_AGGRESSIVE;
				CLANG_WARN_UNREACHABLE_CODE = YES;
				CLANG_WARN__DUPLICATE_METHOD_MATCH = YES;
				COPY_PHASE_STRIP = NO;
				DEBUG_INFORMATION_FORMAT = "dwarf-with-dsym";
				ENABLE_NS_ASSERTIONS = NO;
				ENABLE_STRICT_OBJC_MSGSEND = YES;
				GCC_C_LANGUAGE_STANDARD = gnu11;
				GCC_NO_COMMON_BLOCKS = YES;
				GCC_WARN_64_TO_32_BIT_CONVERSION = YES;
				GCC_WARN_ABOUT_RETURN_TYPE = YES_ERROR;
				GCC_WARN_UNDECLARED_SELECTOR = YES;
				GCC_WARN_UNINITIALIZED_AUTOS = YES_AGGRESSIVE;
				GCC_WARN_UNUSED_FUNCTION = YES;
				GCC_WARN_UNUSED_VARIABLE = YES;
				IPHONEOS_DEPLOYMENT_TARGET = 16.2;
				MTL_ENABLE_DEBUG_INFO = NO;
				MTL_FAST_MATH = YES;
				SDKROOT = iphoneos;
				SWIFT_COMPILATION_MODE = wholemodule;
				SWIFT_OPTIMIZATION_LEVEL = "-O";
				VALIDATE_PRODUCT = YES;
			};
			name = Release;
		};
		95CFA9522A3696660029A3A9 /* Debug */ = {
			isa = XCBuildConfiguration;
			buildSettings = {
				ASSETCATALOG_COMPILER_APPICON_NAME = AppIcon;
				ASSETCATALOG_COMPILER_GLOBAL_ACCENT_COLOR_NAME = AccentColor;
				CODE_SIGN_STYLE = Automatic;
				CURRENT_PROJECT_VERSION = 1;
				DEVELOPMENT_TEAM = HS58FUQ5YL;
				GENERATE_INFOPLIST_FILE = YES;
				INFOPLIST_FILE = MeliChallengeAPI/Info.plist;
				INFOPLIST_KEY_UIApplicationSupportsIndirectInputEvents = YES;
				INFOPLIST_KEY_UILaunchStoryboardName = LaunchScreen;
				INFOPLIST_KEY_UIMainStoryboardFile = Main;
				INFOPLIST_KEY_UISupportedInterfaceOrientations_iPad = "UIInterfaceOrientationPortrait UIInterfaceOrientationPortraitUpsideDown UIInterfaceOrientationLandscapeLeft UIInterfaceOrientationLandscapeRight";
				INFOPLIST_KEY_UISupportedInterfaceOrientations_iPhone = "UIInterfaceOrientationPortrait UIInterfaceOrientationLandscapeLeft UIInterfaceOrientationLandscapeRight";
				LD_RUNPATH_SEARCH_PATHS = (
					"$(inherited)",
					"@executable_path/Frameworks",
				);
				MARKETING_VERSION = 1.0;
				PRODUCT_BUNDLE_IDENTIFIER = hecosoft.com.MeliChallengeAPI;
				PRODUCT_NAME = "$(TARGET_NAME)";
				SWIFT_EMIT_LOC_STRINGS = YES;
				SWIFT_VERSION = 5.0;
				TARGETED_DEVICE_FAMILY = "1,2";
			};
			name = Debug;
		};
		95CFA9532A3696660029A3A9 /* Release */ = {
			isa = XCBuildConfiguration;
			buildSettings = {
				ASSETCATALOG_COMPILER_APPICON_NAME = AppIcon;
				ASSETCATALOG_COMPILER_GLOBAL_ACCENT_COLOR_NAME = AccentColor;
				CODE_SIGN_STYLE = Automatic;
				CURRENT_PROJECT_VERSION = 1;
				DEVELOPMENT_TEAM = HS58FUQ5YL;
				GENERATE_INFOPLIST_FILE = YES;
				INFOPLIST_FILE = MeliChallengeAPI/Info.plist;
				INFOPLIST_KEY_UIApplicationSupportsIndirectInputEvents = YES;
				INFOPLIST_KEY_UILaunchStoryboardName = LaunchScreen;
				INFOPLIST_KEY_UIMainStoryboardFile = Main;
				INFOPLIST_KEY_UISupportedInterfaceOrientations_iPad = "UIInterfaceOrientationPortrait UIInterfaceOrientationPortraitUpsideDown UIInterfaceOrientationLandscapeLeft UIInterfaceOrientationLandscapeRight";
				INFOPLIST_KEY_UISupportedInterfaceOrientations_iPhone = "UIInterfaceOrientationPortrait UIInterfaceOrientationLandscapeLeft UIInterfaceOrientationLandscapeRight";
				LD_RUNPATH_SEARCH_PATHS = (
					"$(inherited)",
					"@executable_path/Frameworks",
				);
				MARKETING_VERSION = 1.0;
				PRODUCT_BUNDLE_IDENTIFIER = hecosoft.com.MeliChallengeAPI;
				PRODUCT_NAME = "$(TARGET_NAME)";
				SWIFT_EMIT_LOC_STRINGS = YES;
				SWIFT_VERSION = 5.0;
				TARGETED_DEVICE_FAMILY = "1,2";
			};
			name = Release;
		};
/* End XCBuildConfiguration section */

/* Begin XCConfigurationList section */
		95CFA9382A3696640029A3A9 /* Build configuration list for PBXProject "MeliChallengeAPI" */ = {
			isa = XCConfigurationList;
			buildConfigurations = (
				95CFA94F2A3696660029A3A9 /* Debug */,
				95CFA9502A3696660029A3A9 /* Release */,
			);
			defaultConfigurationIsVisible = 0;
			defaultConfigurationName = Release;
		};
		95CFA9512A3696660029A3A9 /* Build configuration list for PBXNativeTarget "MeliChallengeAPI" */ = {
			isa = XCConfigurationList;
			buildConfigurations = (
				95CFA9522A3696660029A3A9 /* Debug */,
				95CFA9532A3696660029A3A9 /* Release */,
			);
			defaultConfigurationIsVisible = 0;
			defaultConfigurationName = Release;
		};
/* End XCConfigurationList section */

/* Begin XCRemoteSwiftPackageReference section */
		95CFA9602A36E8770029A3A9 /* XCRemoteSwiftPackageReference "ObjectMapper" */ = {
			isa = XCRemoteSwiftPackageReference;
			repositoryURL = "https://github.com/tristanhimmelman/ObjectMapper.git";
			requirement = {
				kind = upToNextMajorVersion;
				minimumVersion = 4.0.0;
			};
		};
/* End XCRemoteSwiftPackageReference section */

/* Begin XCSwiftPackageProductDependency section */
		95CFA9612A36E8770029A3A9 /* ObjectMapper */ = {
			isa = XCSwiftPackageProductDependency;
			package = 95CFA9602A36E8770029A3A9 /* XCRemoteSwiftPackageReference "ObjectMapper" */;
			productName = ObjectMapper;
		};
/* End XCSwiftPackageProductDependency section */
	};
	rootObject = 95CFA9352A3696640029A3A9 /* Project object */;
}
